
Microsoft Visual Studio Solution File, Format Version 12.00
# Visual Studio Version 16
VisualStudioVersion = 16.0.29709.97
MinimumVisualStudioVersion = 10.0.40219.1
Project("{FAE04EC0-301F-11D3-BF4B-00C04F79EFBC}") = "JsonCreation", "JsonCreation.csproj", "{1A732254-C2D3-455A-8256-019CD190C207}"
EndProject
Global
	GlobalSection(SolutionConfigurationPlatforms) = preSolution
		Debug|Any CPU = Debug|Any CPU
		Release|Any CPU = Release|Any CPU
	EndGlobalSection
	GlobalSection(ProjectConfigurationPlatforms) = postSolution
		{1A732254-C2D3-455A-8256-019CD190C207}.Debug|Any CPU.ActiveCfg = Debug|Any CPU
		{1A732254-C2D3-455A-8256-019CD190C207}.Debug|Any CPU.Build.0 = Debug|Any CPU
		{1A732254-C2D3-455A-8256-019CD190C207}.Release|Any CPU.ActiveCfg = Release|Any CPU
		{1A732254-C2D3-455A-8256-019CD190C207}.Release|Any CPU.Build.0 = Release|Any CPU
	EndGlobalSection
	GlobalSection(SolutionProperties) = preSolution
		HideSolutionNode = FALSE
	EndGlobalSection
	GlobalSection(ExtensibilityGlobals) = postSolution
		SolutionGuid = {D1BB3A82-27D0-4C27-BC0F-99ED2FD126D2}
	EndGlobalSection
EndGlobal
